{
  "originHash": "82804e73cfbe1e77145862c196ed0f4eeed3238bfea1da9a20ddc246d990d1a5",
  "pins": [
    {
      "identity": "customnavigationtitle",
      "kind": "remoteSourceControl",
      "location": "https://github.com/Chronos2500/CustomNavigationTitle.git",
      "state": {
        "revision": "37269a4478a9f7596ea8382ce3bf006530b1ad12",
        "version": "1.1.0"
      }
    },
    {
      "identity": "custompicker",
      "kind": "remoteSourceControl",
      "location": "https://github.com/TentoSwift/CustomPicker.git",
      "state": {
        "revision": "774240e32d1d17aabbb19a2c0c803d0fdefe4293",
        "version": "1.0.1"
      }
    },
    {
      "identity": "licenselist",
      "kind": "remoteSourceControl",
      "location": "https://github.com/cybozu/LicenseList.git",
      "state": {
        "revision": "ee1e897acb2c8f3061fca4434cb702e8ddb7a72c",
        "version": "2.5.0"
      }
    },
    {
      "identity": "memojiview",
      "kind": "remoteSourceControl",
      "location": "https://github.com/emrearmagan/MemojiView",
      "state": {
        "revision": "28a33f5005699d8791c2457f4d429fbedc0e7519",
        "version": "0.0.5"
      }
    }
  ],
  "version": 3
}
